
Microsoft Visual Studio Solution File, Format Version 12.00
# Visual Studio Version 16
VisualStudioVersion = 16.0.31129.286
MinimumVisualStudioVersion = 10.0.40219.1
Project("{8BC9CEB8-8B4A-11D0-8D11-00A0C91BC942}") = "LAB9_a", "LAB9_a\LAB9_a.vcxproj", "{1DF06F9F-357F-4808-B297-B9BB486E9028}"
EndProject
Project("{8BC9CEB8-8B4A-11D0-8D11-00A0C91BC942}") = "LAB9_b", "LAB9_b\LAB9_b.vcxproj", "{BC1DA76C-A10B-4C5F-9B8A-2EE38C577E83}"
EndProject
Project("{8BC9CEB8-8B4A-11D0-8D11-00A0C91BC942}") = "LAB9_1", "LAB9_1\LAB9_1.vcxproj", "{29E661AD-6202-44CF-B9A8-6F0C1B72FB26}"
EndProject
Project("{8BC9CEB8-8B4A-11D0-8D11-00A0C91BC942}") = "LAB9_2", "LAB9_2\LAB9_2.vcxproj", "{08FD3EAE-0A98-4BE7-AF85-C5CEA77C1357}"
EndProject
Project("{8BC9CEB8-8B4A-11D0-8D11-00A0C91BC942}") = "HW9_1", "HW9_1\HW9_1.vcxproj", "{57369CDC-BDA4-454C-A15F-D59AFC5E2A23}"
EndProject
Project("{8BC9CEB8-8B4A-11D0-8D11-00A0C91BC942}") = "HW9_3", "HW9_3\HW9_3.vcxproj", "{03EBB4A9-DCE7-467C-A23B-107C382126D8}"
EndProject
Project("{8BC9CEB8-8B4A-11D0-8D11-00A0C91BC942}") = "HW9_4", "HW9_4\HW9_4.vcxproj", "{BAB6EE67-F25B-48EE-9446-616306873E27}"
EndProject
Project("{8BC9CEB8-8B4A-11D0-8D11-00A0C91BC942}") = "HW9_5", "HW9_5\HW9_5.vcxproj", "{2C707C90-ED09-46CC-A513-3F841A1125A9}"
EndProject
Project("{8BC9CEB8-8B4A-11D0-8D11-00A0C91BC942}") = "HW9_6", "HW9_6\HW9_6.vcxproj", "{8EE7F877-AD40-4287-9ADD-FB76EA01974D}"
EndProject
Project("{8BC9CEB8-8B4A-11D0-8D11-00A0C91BC942}") = "LAB9_3_1", "LAB9_3_1\LAB9_3_1.vcxproj", "{E39AFED1-C885-48DC-9FB4-441E06AF8DF7}"
EndProject
Project("{8BC9CEB8-8B4A-11D0-8D11-00A0C91BC942}") = "LAB9_3_2", "LAB9_3_2\LAB9_3_2.vcxproj", "{4CDC1C03-D63D-4C7D-88E2-2D2C189ABF36}"
EndProject
Project("{8BC9CEB8-8B4A-11D0-8D11-00A0C91BC942}") = "LAB9_4_0", "LAB9_4_0\LAB9_4_0.vcxproj", "{243A4925-EB91-466B-830F-9BC6C7C8CF7E}"
EndProject
Project("{8BC9CEB8-8B4A-11D0-8D11-00A0C91BC942}") = "LAB9_4_a", "LAB9_4_a\LAB9_4_a.vcxproj", "{D6EAC3EF-4E37-4766-9318-E5F840F74ED8}"
EndProject
Project("{8BC9CEB8-8B4A-11D0-8D11-00A0C91BC942}") = "LAB9_4_b", "LAB9_4_b\LAB9_4_b.vcxproj", "{9CD4E8FB-A782-497E-963B-634210A80647}"
EndProject
Project("{8BC9CEB8-8B4A-11D0-8D11-00A0C91BC942}") = "HW9_2_1", "HW9_2_1\HW9_2_1.vcxproj", "{BBEBE9A1-13A2-4D14-B934-886CFF758F5D}"
EndProject
Project("{8BC9CEB8-8B4A-11D0-8D11-00A0C91BC942}") = "HW9_2_2", "HW9_2_2\HW9_2_2.vcxproj", "{4D0B53AF-1C38-4821-9CED-DDE2827EE97E}"
EndProject
Project("{8BC9CEB8-8B4A-11D0-8D11-00A0C91BC942}") = "HW9_6(재제출)", "HW9_6(재제출)\HW9_6(재제출).vcxproj", "{4D2B6F1A-3E1C-4547-9F7C-95517BDE590C}"
EndProject
Global
	GlobalSection(SolutionConfigurationPlatforms) = preSolution
		Debug|x64 = Debug|x64
		Debug|x86 = Debug|x86
		Release|x64 = Release|x64
		Release|x86 = Release|x86
	EndGlobalSection
	GlobalSection(ProjectConfigurationPlatforms) = postSolution
		{1DF06F9F-357F-4808-B297-B9BB486E9028}.Debug|x64.ActiveCfg = Debug|x64
		{1DF06F9F-357F-4808-B297-B9BB486E9028}.Debug|x64.Build.0 = Debug|x64
		{1DF06F9F-357F-4808-B297-B9BB486E9028}.Debug|x86.ActiveCfg = Debug|Win32
		{1DF06F9F-357F-4808-B297-B9BB486E9028}.Debug|x86.Build.0 = Debug|Win32
		{1DF06F9F-357F-4808-B297-B9BB486E9028}.Release|x64.ActiveCfg = Release|x64
		{1DF06F9F-357F-4808-B297-B9BB486E9028}.Release|x64.Build.0 = Release|x64
		{1DF06F9F-357F-4808-B297-B9BB486E9028}.Release|x86.ActiveCfg = Release|Win32
		{1DF06F9F-357F-4808-B297-B9BB486E9028}.Release|x86.Build.0 = Release|Win32
		{BC1DA76C-A10B-4C5F-9B8A-2EE38C577E83}.Debug|x64.ActiveCfg = Debug|x64
		{BC1DA76C-A10B-4C5F-9B8A-2EE38C577E83}.Debug|x64.Build.0 = Debug|x64
		{BC1DA76C-A10B-4C5F-9B8A-2EE38C577E83}.Debug|x86.ActiveCfg = Debug|Win32
		{BC1DA76C-A10B-4C5F-9B8A-2EE38C577E83}.Debug|x86.Build.0 = Debug|Win32
		{BC1DA76C-A10B-4C5F-9B8A-2EE38C577E83}.Release|x64.ActiveCfg = Release|x64
		{BC1DA76C-A10B-4C5F-9B8A-2EE38C577E83}.Release|x64.Build.0 = Release|x64
		{BC1DA76C-A10B-4C5F-9B8A-2EE38C577E83}.Release|x86.ActiveCfg = Release|Win32
		{BC1DA76C-A10B-4C5F-9B8A-2EE38C577E83}.Release|x86.Build.0 = Release|Win32
		{29E661AD-6202-44CF-B9A8-6F0C1B72FB26}.Debug|x64.ActiveCfg = Debug|x64
		{29E661AD-6202-44CF-B9A8-6F0C1B72FB26}.Debug|x64.Build.0 = Debug|x64
		{29E661AD-6202-44CF-B9A8-6F0C1B72FB26}.Debug|x86.ActiveCfg = Debug|Win32
		{29E661AD-6202-44CF-B9A8-6F0C1B72FB26}.Debug|x86.Build.0 = Debug|Win32
		{29E661AD-6202-44CF-B9A8-6F0C1B72FB26}.Release|x64.ActiveCfg = Release|x64
		{29E661AD-6202-44CF-B9A8-6F0C1B72FB26}.Release|x64.Build.0 = Release|x64
		{29E661AD-6202-44CF-B9A8-6F0C1B72FB26}.Release|x86.ActiveCfg = Release|Win32
		{29E661AD-6202-44CF-B9A8-6F0C1B72FB26}.Release|x86.Build.0 = Release|Win32
		{08FD3EAE-0A98-4BE7-AF85-C5CEA77C1357}.Debug|x64.ActiveCfg = Debug|x64
		{08FD3EAE-0A98-4BE7-AF85-C5CEA77C1357}.Debug|x64.Build.0 = Debug|x64
		{08FD3EAE-0A98-4BE7-AF85-C5CEA77C1357}.Debug|x86.ActiveCfg = Debug|Win32
		{08FD3EAE-0A98-4BE7-AF85-C5CEA77C1357}.Debug|x86.Build.0 = Debug|Win32
		{08FD3EAE-0A98-4BE7-AF85-C5CEA77C1357}.Release|x64.ActiveCfg = Release|x64
		{08FD3EAE-0A98-4BE7-AF85-C5CEA77C1357}.Release|x64.Build.0 = Release|x64
		{08FD3EAE-0A98-4BE7-AF85-C5CEA77C1357}.Release|x86.ActiveCfg = Release|Win32
		{08FD3EAE-0A98-4BE7-AF85-C5CEA77C1357}.Release|x86.Build.0 = Release|Win32
		{57369CDC-BDA4-454C-A15F-D59AFC5E2A23}.Debug|x64.ActiveCfg = Debug|x64
		{57369CDC-BDA4-454C-A15F-D59AFC5E2A23}.Debug|x64.Build.0 = Debug|x64
		{57369CDC-BDA4-454C-A15F-D59AFC5E2A23}.Debug|x86.ActiveCfg = Debug|Win32
		{57369CDC-BDA4-454C-A15F-D59AFC5E2A23}.Debug|x86.Build.0 = Debug|Win32
		{57369CDC-BDA4-454C-A15F-D59AFC5E2A23}.Release|x64.ActiveCfg = Release|x64
		{57369CDC-BDA4-454C-A15F-D59AFC5E2A23}.Release|x64.Build.0 = Release|x64
		{57369CDC-BDA4-454C-A15F-D59AFC5E2A23}.Release|x86.ActiveCfg = Release|Win32
		{57369CDC-BDA4-454C-A15F-D59AFC5E2A23}.Release|x86.Build.0 = Release|Win32
		{03EBB4A9-DCE7-467C-A23B-107C382126D8}.Debug|x64.ActiveCfg = Debug|x64
		{03EBB4A9-DCE7-467C-A23B-107C382126D8}.Debug|x64.Build.0 = Debug|x64
		{03EBB4A9-DCE7-467C-A23B-107C382126D8}.Debug|x86.ActiveCfg = Debug|Win32
		{03EBB4A9-DCE7-467C-A23B-107C382126D8}.Debug|x86.Build.0 = Debug|Win32
		{03EBB4A9-DCE7-467C-A23B-107C382126D8}.Release|x64.ActiveCfg = Release|x64
		{03EBB4A9-DCE7-467C-A23B-107C382126D8}.Release|x64.Build.0 = Release|x64
		{03EBB4A9-DCE7-467C-A23B-107C382126D8}.Release|x86.ActiveCfg = Release|Win32
		{03EBB4A9-DCE7-467C-A23B-107C382126D8}.Release|x86.Build.0 = Release|Win32
		{BAB6EE67-F25B-48EE-9446-616306873E27}.Debug|x64.ActiveCfg = Debug|x64
		{BAB6EE67-F25B-48EE-9446-616306873E27}.Debug|x64.Build.0 = Debug|x64
		{BAB6EE67-F25B-48EE-9446-616306873E27}.Debug|x86.ActiveCfg = Debug|Win32
		{BAB6EE67-F25B-48EE-9446-616306873E27}.Debug|x86.Build.0 = Debug|Win32
		{BAB6EE67-F25B-48EE-9446-616306873E27}.Release|x64.ActiveCfg = Release|x64
		{BAB6EE67-F25B-48EE-9446-616306873E27}.Release|x64.Build.0 = Release|x64
		{BAB6EE67-F25B-48EE-9446-616306873E27}.Release|x86.ActiveCfg = Release|Win32
		{BAB6EE67-F25B-48EE-9446-616306873E27}.Release|x86.Build.0 = Release|Win32
		{2C707C90-ED09-46CC-A513-3F841A1125A9}.Debug|x64.ActiveCfg = Debug|x64
		{2C707C90-ED09-46CC-A513-3F841A1125A9}.Debug|x64.Build.0 = Debug|x64
		{2C707C90-ED09-46CC-A513-3F841A1125A9}.Debug|x86.ActiveCfg = Debug|Win32
		{2C707C90-ED09-46CC-A513-3F841A1125A9}.Debug|x86.Build.0 = Debug|Win32
		{2C707C90-ED09-46CC-A513-3F841A1125A9}.Release|x64.ActiveCfg = Release|x64
		{2C707C90-ED09-46CC-A513-3F841A1125A9}.Release|x64.Build.0 = Release|x64
		{2C707C90-ED09-46CC-A513-3F841A1125A9}.Release|x86.ActiveCfg = Release|Win32
		{2C707C90-ED09-46CC-A513-3F841A1125A9}.Release|x86.Build.0 = Release|Win32
		{8EE7F877-AD40-4287-9ADD-FB76EA01974D}.Debug|x64.ActiveCfg = Debug|x64
		{8EE7F877-AD40-4287-9ADD-FB76EA01974D}.Debug|x64.Build.0 = Debug|x64
		{8EE7F877-AD40-4287-9ADD-FB76EA01974D}.Debug|x86.ActiveCfg = Debug|Win32
		{8EE7F877-AD40-4287-9ADD-FB76EA01974D}.Debug|x86.Build.0 = Debug|Win32
		{8EE7F877-AD40-4287-9ADD-FB76EA01974D}.Release|x64.ActiveCfg = Release|x64
		{8EE7F877-AD40-4287-9ADD-FB76EA01974D}.Release|x64.Build.0 = Release|x64
		{8EE7F877-AD40-4287-9ADD-FB76EA01974D}.Release|x86.ActiveCfg = Release|Win32
		{8EE7F877-AD40-4287-9ADD-FB76EA01974D}.Release|x86.Build.0 = Release|Win32
		{E39AFED1-C885-48DC-9FB4-441E06AF8DF7}.Debug|x64.ActiveCfg = Debug|x64
		{E39AFED1-C885-48DC-9FB4-441E06AF8DF7}.Debug|x64.Build.0 = Debug|x64
		{E39AFED1-C885-48DC-9FB4-441E06AF8DF7}.Debug|x86.ActiveCfg = Debug|Win32
		{E39AFED1-C885-48DC-9FB4-441E06AF8DF7}.Debug|x86.Build.0 = Debug|Win32
		{E39AFED1-C885-48DC-9FB4-441E06AF8DF7}.Release|x64.ActiveCfg = Release|x64
		{E39AFED1-C885-48DC-9FB4-441E06AF8DF7}.Release|x64.Build.0 = Release|x64
		{E39AFED1-C885-48DC-9FB4-441E06AF8DF7}.Release|x86.ActiveCfg = Release|Win32
		{E39AFED1-C885-48DC-9FB4-441E06AF8DF7}.Release|x86.Build.0 = Release|Win32
		{4CDC1C03-D63D-4C7D-88E2-2D2C189ABF36}.Debug|x64.ActiveCfg = Debug|x64
		{4CDC1C03-D63D-4C7D-88E2-2D2C189ABF36}.Debug|x64.Build.0 = Debug|x64
		{4CDC1C03-D63D-4C7D-88E2-2D2C189ABF36}.Debug|x86.ActiveCfg = Debug|Win32
		{4CDC1C03-D63D-4C7D-88E2-2D2C189ABF36}.Debug|x86.Build.0 = Debug|Win32
		{4CDC1C03-D63D-4C7D-88E2-2D2C189ABF36}.Release|x64.ActiveCfg = Release|x64
		{4CDC1C03-D63D-4C7D-88E2-2D2C189ABF36}.Release|x64.Build.0 = Release|x64
		{4CDC1C03-D63D-4C7D-88E2-2D2C189ABF36}.Release|x86.ActiveCfg = Release|Win32
		{4CDC1C03-D63D-4C7D-88E2-2D2C189ABF36}.Release|x86.Build.0 = Release|Win32
		{243A4925-EB91-466B-830F-9BC6C7C8CF7E}.Debug|x64.ActiveCfg = Debug|x64
		{243A4925-EB91-466B-830F-9BC6C7C8CF7E}.Debug|x64.Build.0 = Debug|x64
		{243A4925-EB91-466B-830F-9BC6C7C8CF7E}.Debug|x86.ActiveCfg = Debug|Win32
		{243A4925-EB91-466B-830F-9BC6C7C8CF7E}.Debug|x86.Build.0 = Debug|Win32
		{243A4925-EB91-466B-830F-9BC6C7C8CF7E}.Release|x64.ActiveCfg = Release|x64
		{243A4925-EB91-466B-830F-9BC6C7C8CF7E}.Release|x64.Build.0 = Release|x64
		{243A4925-EB91-466B-830F-9BC6C7C8CF7E}.Release|x86.ActiveCfg = Release|Win32
		{243A4925-EB91-466B-830F-9BC6C7C8CF7E}.Release|x86.Build.0 = Release|Win32
		{D6EAC3EF-4E37-4766-9318-E5F840F74ED8}.Debug|x64.ActiveCfg = Debug|x64
		{D6EAC3EF-4E37-4766-9318-E5F840F74ED8}.Debug|x64.Build.0 = Debug|x64
		{D6EAC3EF-4E37-4766-9318-E5F840F74ED8}.Debug|x86.ActiveCfg = Debug|Win32
		{D6EAC3EF-4E37-4766-9318-E5F840F74ED8}.Debug|x86.Build.0 = Debug|Win32
		{D6EAC3EF-4E37-4766-9318-E5F840F74ED8}.Release|x64.ActiveCfg = Release|x64
		{D6EAC3EF-4E37-4766-9318-E5F840F74ED8}.Release|x64.Build.0 = Release|x64
		{D6EAC3EF-4E37-4766-9318-E5F840F74ED8}.Release|x86.ActiveCfg = Release|Win32
		{D6EAC3EF-4E37-4766-9318-E5F840F74ED8}.Release|x86.Build.0 = Release|Win32
		{9CD4E8FB-A782-497E-963B-634210A80647}.Debug|x64.ActiveCfg = Debug|x64
		{9CD4E8FB-A782-497E-963B-634210A80647}.Debug|x64.Build.0 = Debug|x64
		{9CD4E8FB-A782-497E-963B-634210A80647}.Debug|x86.ActiveCfg = Debug|Win32
		{9CD4E8FB-A782-497E-963B-634210A80647}.Debug|x86.Build.0 = Debug|Win32
		{9CD4E8FB-A782-497E-963B-634210A80647}.Release|x64.ActiveCfg = Release|x64
		{9CD4E8FB-A782-497E-963B-634210A80647}.Release|x64.Build.0 = Release|x64
		{9CD4E8FB-A782-497E-963B-634210A80647}.Release|x86.ActiveCfg = Release|Win32
		{9CD4E8FB-A782-497E-963B-634210A80647}.Release|x86.Build.0 = Release|Win32
		{BBEBE9A1-13A2-4D14-B934-886CFF758F5D}.Debug|x64.ActiveCfg = Debug|x64
		{BBEBE9A1-13A2-4D14-B934-886CFF758F5D}.Debug|x64.Build.0 = Debug|x64
		{BBEBE9A1-13A2-4D14-B934-886CFF758F5D}.Debug|x86.ActiveCfg = Debug|Win32
		{BBEBE9A1-13A2-4D14-B934-886CFF758F5D}.Debug|x86.Build.0 = Debug|Win32
		{BBEBE9A1-13A2-4D14-B934-886CFF758F5D}.Release|x64.ActiveCfg = Release|x64
		{BBEBE9A1-13A2-4D14-B934-886CFF758F5D}.Release|x64.Build.0 = Release|x64
		{BBEBE9A1-13A2-4D14-B934-886CFF758F5D}.Release|x86.ActiveCfg = Release|Win32
		{BBEBE9A1-13A2-4D14-B934-886CFF758F5D}.Release|x86.Build.0 = Release|Win32
		{4D0B53AF-1C38-4821-9CED-DDE2827EE97E}.Debug|x64.ActiveCfg = Debug|x64
		{4D0B53AF-1C38-4821-9CED-DDE2827EE97E}.Debug|x64.Build.0 = Debug|x64
		{4D0B53AF-1C38-4821-9CED-DDE2827EE97E}.Debug|x86.ActiveCfg = Debug|Win32
		{4D0B53AF-1C38-4821-9CED-DDE2827EE97E}.Debug|x86.Build.0 = Debug|Win32
		{4D0B53AF-1C38-4821-9CED-DDE2827EE97E}.Release|x64.ActiveCfg = Release|x64
		{4D0B53AF-1C38-4821-9CED-DDE2827EE97E}.Release|x64.Build.0 = Release|x64
		{4D0B53AF-1C38-4821-9CED-DDE2827EE97E}.Release|x86.ActiveCfg = Release|Win32
		{4D0B53AF-1C38-4821-9CED-DDE2827EE97E}.Release|x86.Build.0 = Release|Win32
		{4D2B6F1A-3E1C-4547-9F7C-95517BDE590C}.Debug|x64.ActiveCfg = Debug|x64
		{4D2B6F1A-3E1C-4547-9F7C-95517BDE590C}.Debug|x64.Build.0 = Debug|x64
		{4D2B6F1A-3E1C-4547-9F7C-95517BDE590C}.Debug|x86.ActiveCfg = Debug|Win32
		{4D2B6F1A-3E1C-4547-9F7C-95517BDE590C}.Debug|x86.Build.0 = Debug|Win32
		{4D2B6F1A-3E1C-4547-9F7C-95517BDE590C}.Release|x64.ActiveCfg = Release|x64
		{4D2B6F1A-3E1C-4547-9F7C-95517BDE590C}.Release|x64.Build.0 = Release|x64
		{4D2B6F1A-3E1C-4547-9F7C-95517BDE590C}.Release|x86.ActiveCfg = Release|Win32
		{4D2B6F1A-3E1C-4547-9F7C-95517BDE590C}.Release|x86.Build.0 = Release|Win32
	EndGlobalSection
	GlobalSection(SolutionProperties) = preSolution
		HideSolutionNode = FALSE
	EndGlobalSection
	GlobalSection(ExtensibilityGlobals) = postSolution
		SolutionGuid = {30220759-FE38-49E9-8979-F19932C1CCF2}
	EndGlobalSection
EndGlobal
