
Microsoft Visual Studio Solution File, Format Version 12.00
# Visual Studio Version 16
VisualStudioVersion = 16.0.31129.286
MinimumVisualStudioVersion = 10.0.40219.1
Project("{8BC9CEB8-8B4A-11D0-8D11-00A0C91BC942}") = "HW4_2", "HW4_2\HW4_2.vcxproj", "{A61B7E0B-8CE8-443B-8B35-B717C96908AD}"
EndProject
Global
	GlobalSection(SolutionConfigurationPlatforms) = preSolution
		Debug|x64 = Debug|x64
		Debug|x86 = Debug|x86
		Release|x64 = Release|x64
		Release|x86 = Release|x86
	EndGlobalSection
	GlobalSection(ProjectConfigurationPlatforms) = postSolution
		{A61B7E0B-8CE8-443B-8B35-B717C96908AD}.Debug|x64.ActiveCfg = Debug|x64
		{A61B7E0B-8CE8-443B-8B35-B717C96908AD}.Debug|x64.Build.0 = Debug|x64
		{A61B7E0B-8CE8-443B-8B35-B717C96908AD}.Debug|x86.ActiveCfg = Debug|Win32
		{A61B7E0B-8CE8-443B-8B35-B717C96908AD}.Debug|x86.Build.0 = Debug|Win32
		{A61B7E0B-8CE8-443B-8B35-B717C96908AD}.Release|x64.ActiveCfg = Release|x64
		{A61B7E0B-8CE8-443B-8B35-B717C96908AD}.Release|x64.Build.0 = Release|x64
		{A61B7E0B-8CE8-443B-8B35-B717C96908AD}.Release|x86.ActiveCfg = Release|Win32
		{A61B7E0B-8CE8-443B-8B35-B717C96908AD}.Release|x86.Build.0 = Release|Win32
	EndGlobalSection
	GlobalSection(SolutionProperties) = preSolution
		HideSolutionNode = FALSE
	EndGlobalSection
	GlobalSection(ExtensibilityGlobals) = postSolution
		SolutionGuid = {260789A5-2C5F-4EDB-824C-860ECC8A1A73}
	EndGlobalSection
EndGlobal
