
Microsoft Visual Studio Solution File, Format Version 12.00
# Visual Studio Version 16
VisualStudioVersion = 16.0.31129.286
MinimumVisualStudioVersion = 10.0.40219.1
Project("{8BC9CEB8-8B4A-11D0-8D11-00A0C91BC942}") = "LAB11_0_1", "LAB11_0_1\LAB11_0_1.vcxproj", "{2CD9EA6E-4019-471B-8025-09367DB50628}"
EndProject
Project("{8BC9CEB8-8B4A-11D0-8D11-00A0C91BC942}") = "LAB11_0_2", "LAB11_0_2\LAB11_0_2.vcxproj", "{08FAB178-AF4A-4C3F-A135-AF7BA3DCFC56}"
EndProject
Project("{8BC9CEB8-8B4A-11D0-8D11-00A0C91BC942}") = "LAB11_1", "LAB11_1\LAB11_1.vcxproj", "{CA0F1817-C9C7-4C9D-84B2-3BA47E9F93B3}"
EndProject
Project("{8BC9CEB8-8B4A-11D0-8D11-00A0C91BC942}") = "LAB11_2", "LAB11_2\LAB11_2.vcxproj", "{70F8059C-1C86-4F11-ABD7-8FC70D3568C2}"
EndProject
Project("{8BC9CEB8-8B4A-11D0-8D11-00A0C91BC942}") = "LAB11_3", "LAB11_3\LAB11_3.vcxproj", "{C5C4556D-6E7C-4AA6-A78D-6CFF438A5C3D}"
EndProject
Project("{8BC9CEB8-8B4A-11D0-8D11-00A0C91BC942}") = "HW11_1", "HW11_1\HW11_1.vcxproj", "{F9C9C072-623B-41CB-8948-AFEEE78A139A}"
EndProject
Project("{8BC9CEB8-8B4A-11D0-8D11-00A0C91BC942}") = "HW11_2", "HW11_2\HW11_2.vcxproj", "{0D0DC04A-A8AB-4376-B07D-09EC1A8A7150}"
EndProject
Project("{8BC9CEB8-8B4A-11D0-8D11-00A0C91BC942}") = "HW11_3", "HW11_3\HW11_3.vcxproj", "{33625FF5-7FAA-4A4B-B521-AD079282BECC}"
EndProject
Project("{8BC9CEB8-8B4A-11D0-8D11-00A0C91BC942}") = "HW11_4_0", "HW11_4_0\HW11_4_0.vcxproj", "{782503C4-25BA-40EF-880B-8C04AA940658}"
EndProject
Project("{8BC9CEB8-8B4A-11D0-8D11-00A0C91BC942}") = "HW11_4_1", "HW11_4_1\HW11_4_1.vcxproj", "{CB6DFC74-1171-4ADB-AF13-675175782302}"
EndProject
Project("{8BC9CEB8-8B4A-11D0-8D11-00A0C91BC942}") = "HW(메르센 소수)", "HW(메르센 소수)\HW(메르센 소수).vcxproj", "{DCEA87C7-5402-4279-9AD6-B82C83DBC072}"
EndProject
Project("{8BC9CEB8-8B4A-11D0-8D11-00A0C91BC942}") = "HW9_다(사이클숫자revisited)", "HW9_다(사이클숫자revisited)\HW9_다(사이클숫자revisited).vcxproj", "{E727B525-040F-461E-B5B3-B537B9479102}"
EndProject
Global
	GlobalSection(SolutionConfigurationPlatforms) = preSolution
		Debug|x64 = Debug|x64
		Debug|x86 = Debug|x86
		Release|x64 = Release|x64
		Release|x86 = Release|x86
	EndGlobalSection
	GlobalSection(ProjectConfigurationPlatforms) = postSolution
		{2CD9EA6E-4019-471B-8025-09367DB50628}.Debug|x64.ActiveCfg = Debug|x64
		{2CD9EA6E-4019-471B-8025-09367DB50628}.Debug|x64.Build.0 = Debug|x64
		{2CD9EA6E-4019-471B-8025-09367DB50628}.Debug|x86.ActiveCfg = Debug|Win32
		{2CD9EA6E-4019-471B-8025-09367DB50628}.Debug|x86.Build.0 = Debug|Win32
		{2CD9EA6E-4019-471B-8025-09367DB50628}.Release|x64.ActiveCfg = Release|x64
		{2CD9EA6E-4019-471B-8025-09367DB50628}.Release|x64.Build.0 = Release|x64
		{2CD9EA6E-4019-471B-8025-09367DB50628}.Release|x86.ActiveCfg = Release|Win32
		{2CD9EA6E-4019-471B-8025-09367DB50628}.Release|x86.Build.0 = Release|Win32
		{08FAB178-AF4A-4C3F-A135-AF7BA3DCFC56}.Debug|x64.ActiveCfg = Debug|x64
		{08FAB178-AF4A-4C3F-A135-AF7BA3DCFC56}.Debug|x64.Build.0 = Debug|x64
		{08FAB178-AF4A-4C3F-A135-AF7BA3DCFC56}.Debug|x86.ActiveCfg = Debug|Win32
		{08FAB178-AF4A-4C3F-A135-AF7BA3DCFC56}.Debug|x86.Build.0 = Debug|Win32
		{08FAB178-AF4A-4C3F-A135-AF7BA3DCFC56}.Release|x64.ActiveCfg = Release|x64
		{08FAB178-AF4A-4C3F-A135-AF7BA3DCFC56}.Release|x64.Build.0 = Release|x64
		{08FAB178-AF4A-4C3F-A135-AF7BA3DCFC56}.Release|x86.ActiveCfg = Release|Win32
		{08FAB178-AF4A-4C3F-A135-AF7BA3DCFC56}.Release|x86.Build.0 = Release|Win32
		{CA0F1817-C9C7-4C9D-84B2-3BA47E9F93B3}.Debug|x64.ActiveCfg = Debug|x64
		{CA0F1817-C9C7-4C9D-84B2-3BA47E9F93B3}.Debug|x64.Build.0 = Debug|x64
		{CA0F1817-C9C7-4C9D-84B2-3BA47E9F93B3}.Debug|x86.ActiveCfg = Debug|Win32
		{CA0F1817-C9C7-4C9D-84B2-3BA47E9F93B3}.Debug|x86.Build.0 = Debug|Win32
		{CA0F1817-C9C7-4C9D-84B2-3BA47E9F93B3}.Release|x64.ActiveCfg = Release|x64
		{CA0F1817-C9C7-4C9D-84B2-3BA47E9F93B3}.Release|x64.Build.0 = Release|x64
		{CA0F1817-C9C7-4C9D-84B2-3BA47E9F93B3}.Release|x86.ActiveCfg = Release|Win32
		{CA0F1817-C9C7-4C9D-84B2-3BA47E9F93B3}.Release|x86.Build.0 = Release|Win32
		{70F8059C-1C86-4F11-ABD7-8FC70D3568C2}.Debug|x64.ActiveCfg = Debug|x64
		{70F8059C-1C86-4F11-ABD7-8FC70D3568C2}.Debug|x64.Build.0 = Debug|x64
		{70F8059C-1C86-4F11-ABD7-8FC70D3568C2}.Debug|x86.ActiveCfg = Debug|Win32
		{70F8059C-1C86-4F11-ABD7-8FC70D3568C2}.Debug|x86.Build.0 = Debug|Win32
		{70F8059C-1C86-4F11-ABD7-8FC70D3568C2}.Release|x64.ActiveCfg = Release|x64
		{70F8059C-1C86-4F11-ABD7-8FC70D3568C2}.Release|x64.Build.0 = Release|x64
		{70F8059C-1C86-4F11-ABD7-8FC70D3568C2}.Release|x86.ActiveCfg = Release|Win32
		{70F8059C-1C86-4F11-ABD7-8FC70D3568C2}.Release|x86.Build.0 = Release|Win32
		{C5C4556D-6E7C-4AA6-A78D-6CFF438A5C3D}.Debug|x64.ActiveCfg = Debug|x64
		{C5C4556D-6E7C-4AA6-A78D-6CFF438A5C3D}.Debug|x64.Build.0 = Debug|x64
		{C5C4556D-6E7C-4AA6-A78D-6CFF438A5C3D}.Debug|x86.ActiveCfg = Debug|Win32
		{C5C4556D-6E7C-4AA6-A78D-6CFF438A5C3D}.Debug|x86.Build.0 = Debug|Win32
		{C5C4556D-6E7C-4AA6-A78D-6CFF438A5C3D}.Release|x64.ActiveCfg = Release|x64
		{C5C4556D-6E7C-4AA6-A78D-6CFF438A5C3D}.Release|x64.Build.0 = Release|x64
		{C5C4556D-6E7C-4AA6-A78D-6CFF438A5C3D}.Release|x86.ActiveCfg = Release|Win32
		{C5C4556D-6E7C-4AA6-A78D-6CFF438A5C3D}.Release|x86.Build.0 = Release|Win32
		{F9C9C072-623B-41CB-8948-AFEEE78A139A}.Debug|x64.ActiveCfg = Debug|x64
		{F9C9C072-623B-41CB-8948-AFEEE78A139A}.Debug|x64.Build.0 = Debug|x64
		{F9C9C072-623B-41CB-8948-AFEEE78A139A}.Debug|x86.ActiveCfg = Debug|Win32
		{F9C9C072-623B-41CB-8948-AFEEE78A139A}.Debug|x86.Build.0 = Debug|Win32
		{F9C9C072-623B-41CB-8948-AFEEE78A139A}.Release|x64.ActiveCfg = Release|x64
		{F9C9C072-623B-41CB-8948-AFEEE78A139A}.Release|x64.Build.0 = Release|x64
		{F9C9C072-623B-41CB-8948-AFEEE78A139A}.Release|x86.ActiveCfg = Release|Win32
		{F9C9C072-623B-41CB-8948-AFEEE78A139A}.Release|x86.Build.0 = Release|Win32
		{0D0DC04A-A8AB-4376-B07D-09EC1A8A7150}.Debug|x64.ActiveCfg = Debug|x64
		{0D0DC04A-A8AB-4376-B07D-09EC1A8A7150}.Debug|x64.Build.0 = Debug|x64
		{0D0DC04A-A8AB-4376-B07D-09EC1A8A7150}.Debug|x86.ActiveCfg = Debug|Win32
		{0D0DC04A-A8AB-4376-B07D-09EC1A8A7150}.Debug|x86.Build.0 = Debug|Win32
		{0D0DC04A-A8AB-4376-B07D-09EC1A8A7150}.Release|x64.ActiveCfg = Release|x64
		{0D0DC04A-A8AB-4376-B07D-09EC1A8A7150}.Release|x64.Build.0 = Release|x64
		{0D0DC04A-A8AB-4376-B07D-09EC1A8A7150}.Release|x86.ActiveCfg = Release|Win32
		{0D0DC04A-A8AB-4376-B07D-09EC1A8A7150}.Release|x86.Build.0 = Release|Win32
		{33625FF5-7FAA-4A4B-B521-AD079282BECC}.Debug|x64.ActiveCfg = Debug|x64
		{33625FF5-7FAA-4A4B-B521-AD079282BECC}.Debug|x64.Build.0 = Debug|x64
		{33625FF5-7FAA-4A4B-B521-AD079282BECC}.Debug|x86.ActiveCfg = Debug|Win32
		{33625FF5-7FAA-4A4B-B521-AD079282BECC}.Debug|x86.Build.0 = Debug|Win32
		{33625FF5-7FAA-4A4B-B521-AD079282BECC}.Release|x64.ActiveCfg = Release|x64
		{33625FF5-7FAA-4A4B-B521-AD079282BECC}.Release|x64.Build.0 = Release|x64
		{33625FF5-7FAA-4A4B-B521-AD079282BECC}.Release|x86.ActiveCfg = Release|Win32
		{33625FF5-7FAA-4A4B-B521-AD079282BECC}.Release|x86.Build.0 = Release|Win32
		{782503C4-25BA-40EF-880B-8C04AA940658}.Debug|x64.ActiveCfg = Debug|x64
		{782503C4-25BA-40EF-880B-8C04AA940658}.Debug|x64.Build.0 = Debug|x64
		{782503C4-25BA-40EF-880B-8C04AA940658}.Debug|x86.ActiveCfg = Debug|Win32
		{782503C4-25BA-40EF-880B-8C04AA940658}.Debug|x86.Build.0 = Debug|Win32
		{782503C4-25BA-40EF-880B-8C04AA940658}.Release|x64.ActiveCfg = Release|x64
		{782503C4-25BA-40EF-880B-8C04AA940658}.Release|x64.Build.0 = Release|x64
		{782503C4-25BA-40EF-880B-8C04AA940658}.Release|x86.ActiveCfg = Release|Win32
		{782503C4-25BA-40EF-880B-8C04AA940658}.Release|x86.Build.0 = Release|Win32
		{CB6DFC74-1171-4ADB-AF13-675175782302}.Debug|x64.ActiveCfg = Debug|x64
		{CB6DFC74-1171-4ADB-AF13-675175782302}.Debug|x64.Build.0 = Debug|x64
		{CB6DFC74-1171-4ADB-AF13-675175782302}.Debug|x86.ActiveCfg = Debug|Win32
		{CB6DFC74-1171-4ADB-AF13-675175782302}.Debug|x86.Build.0 = Debug|Win32
		{CB6DFC74-1171-4ADB-AF13-675175782302}.Release|x64.ActiveCfg = Release|x64
		{CB6DFC74-1171-4ADB-AF13-675175782302}.Release|x64.Build.0 = Release|x64
		{CB6DFC74-1171-4ADB-AF13-675175782302}.Release|x86.ActiveCfg = Release|Win32
		{CB6DFC74-1171-4ADB-AF13-675175782302}.Release|x86.Build.0 = Release|Win32
		{DCEA87C7-5402-4279-9AD6-B82C83DBC072}.Debug|x64.ActiveCfg = Debug|x64
		{DCEA87C7-5402-4279-9AD6-B82C83DBC072}.Debug|x64.Build.0 = Debug|x64
		{DCEA87C7-5402-4279-9AD6-B82C83DBC072}.Debug|x86.ActiveCfg = Debug|Win32
		{DCEA87C7-5402-4279-9AD6-B82C83DBC072}.Debug|x86.Build.0 = Debug|Win32
		{DCEA87C7-5402-4279-9AD6-B82C83DBC072}.Release|x64.ActiveCfg = Release|x64
		{DCEA87C7-5402-4279-9AD6-B82C83DBC072}.Release|x64.Build.0 = Release|x64
		{DCEA87C7-5402-4279-9AD6-B82C83DBC072}.Release|x86.ActiveCfg = Release|Win32
		{DCEA87C7-5402-4279-9AD6-B82C83DBC072}.Release|x86.Build.0 = Release|Win32
		{E727B525-040F-461E-B5B3-B537B9479102}.Debug|x64.ActiveCfg = Debug|x64
		{E727B525-040F-461E-B5B3-B537B9479102}.Debug|x64.Build.0 = Debug|x64
		{E727B525-040F-461E-B5B3-B537B9479102}.Debug|x86.ActiveCfg = Debug|Win32
		{E727B525-040F-461E-B5B3-B537B9479102}.Debug|x86.Build.0 = Debug|Win32
		{E727B525-040F-461E-B5B3-B537B9479102}.Release|x64.ActiveCfg = Release|x64
		{E727B525-040F-461E-B5B3-B537B9479102}.Release|x64.Build.0 = Release|x64
		{E727B525-040F-461E-B5B3-B537B9479102}.Release|x86.ActiveCfg = Release|Win32
		{E727B525-040F-461E-B5B3-B537B9479102}.Release|x86.Build.0 = Release|Win32
	EndGlobalSection
	GlobalSection(SolutionProperties) = preSolution
		HideSolutionNode = FALSE
	EndGlobalSection
	GlobalSection(ExtensibilityGlobals) = postSolution
		SolutionGuid = {E7BF8FDD-5BF6-44E8-A75F-DD9ACE20197F}
	EndGlobalSection
EndGlobal
