
Microsoft Visual Studio Solution File, Format Version 12.00
# Visual Studio Version 16
VisualStudioVersion = 16.0.31129.286
MinimumVisualStudioVersion = 10.0.40219.1
Project("{8BC9CEB8-8B4A-11D0-8D11-00A0C91BC942}") = "LAB13_1", "LAB13_1\LAB13_1.vcxproj", "{5345B465-72DC-4E53-B27F-DF8222E323D3}"
EndProject
Project("{8BC9CEB8-8B4A-11D0-8D11-00A0C91BC942}") = "LAB13_2", "LAB13_2\LAB13_2.vcxproj", "{B03F6988-890D-4EA8-AF11-8430859930DD}"
EndProject
Project("{8BC9CEB8-8B4A-11D0-8D11-00A0C91BC942}") = "LAB13_3", "LAB13_3\LAB13_3.vcxproj", "{0B7B3C1D-C0E8-4976-ABAF-D35BB995F6A0}"
EndProject
Project("{8BC9CEB8-8B4A-11D0-8D11-00A0C91BC942}") = "LAB13_5", "LAB13_5\LAB13_5.vcxproj", "{A34E34C8-3CDD-4229-8958-CE8640BDF29F}"
EndProject
Project("{8BC9CEB8-8B4A-11D0-8D11-00A0C91BC942}") = "숫자내숫자revisited", "숫자내숫자revisited\숫자내숫자revisited.vcxproj", "{186E058F-943C-4F38-A308-F2FBEA87F44C}"
EndProject
Project("{8BC9CEB8-8B4A-11D0-8D11-00A0C91BC942}") = "LAB13B_0", "LAB13B_0\LAB13B_0.vcxproj", "{8745AB9B-9B3A-482B-B073-66EAFB6826F0}"
EndProject
Project("{8BC9CEB8-8B4A-11D0-8D11-00A0C91BC942}") = "LAB13B_a", "LAB13B_a\LAB13B_a.vcxproj", "{DB41536D-7DD1-44A5-BDD2-AFFE366E81D9}"
EndProject
Project("{8BC9CEB8-8B4A-11D0-8D11-00A0C91BC942}") = "LAB13B_1_1", "LAB13B_1_1\LAB13B_1_1.vcxproj", "{3209FECF-AA1E-49E2-BA06-AB58AAD7702E}"
EndProject
Project("{8BC9CEB8-8B4A-11D0-8D11-00A0C91BC942}") = "LAB13B_1_2", "LAB13B_1_2\LAB13B_1_2.vcxproj", "{19FC6419-2C45-4CDE-BA18-CB7AF9777343}"
EndProject
Project("{8BC9CEB8-8B4A-11D0-8D11-00A0C91BC942}") = "LAB13B_2_1", "LAB13B_2_1\LAB13B_2_1.vcxproj", "{09D92CAE-A242-4263-B0AD-40C42411B248}"
EndProject
Project("{8BC9CEB8-8B4A-11D0-8D11-00A0C91BC942}") = "LAB13B_2_2", "LAB13B_2_2\LAB13B_2_2.vcxproj", "{2BE54E75-6AC1-455F-AEB3-4BAE6ED475D0}"
EndProject
Project("{8BC9CEB8-8B4A-11D0-8D11-00A0C91BC942}") = "HW13B_1", "HW13B_1\HW13B_1.vcxproj", "{ADC92991-6BF6-408D-BF2A-998E3373848F}"
EndProject
Project("{8BC9CEB8-8B4A-11D0-8D11-00A0C91BC942}") = "HW13B_2", "HW13B_2\HW13B_2.vcxproj", "{5FF07DB9-E809-4350-8232-F3DD83201251}"
EndProject
Project("{8BC9CEB8-8B4A-11D0-8D11-00A0C91BC942}") = "HW13B_3", "HW13B_3\HW13B_3.vcxproj", "{74F4E369-F25E-4F86-AD95-406F37583E1E}"
EndProject
Project("{8BC9CEB8-8B4A-11D0-8D11-00A0C91BC942}") = "challenge13a", "challenge13a\challenge13a.vcxproj", "{C85020D2-D6FC-44A8-BCE4-5015BCD72A9F}"
EndProject
Project("{8BC9CEB8-8B4A-11D0-8D11-00A0C91BC942}") = "challenge13b", "challenge13b\challenge13b.vcxproj", "{B1DA5EEA-9EAA-4CD0-93CC-4DA00B994C30}"
EndProject
Project("{8BC9CEB8-8B4A-11D0-8D11-00A0C91BC942}") = "challenge13c", "challenge13c\challenge13c.vcxproj", "{DDFABF58-6AF2-4AC0-ACCE-0FD92BFF1336}"
EndProject
Project("{8BC9CEB8-8B4A-11D0-8D11-00A0C91BC942}") = "challenge13d", "challenge13d\challenge13d.vcxproj", "{FB72A6D6-E782-4D87-9C9D-3AB4E0FEF725}"
EndProject
Global
	GlobalSection(SolutionConfigurationPlatforms) = preSolution
		Debug|x64 = Debug|x64
		Debug|x86 = Debug|x86
		Release|x64 = Release|x64
		Release|x86 = Release|x86
	EndGlobalSection
	GlobalSection(ProjectConfigurationPlatforms) = postSolution
		{5345B465-72DC-4E53-B27F-DF8222E323D3}.Debug|x64.ActiveCfg = Debug|x64
		{5345B465-72DC-4E53-B27F-DF8222E323D3}.Debug|x64.Build.0 = Debug|x64
		{5345B465-72DC-4E53-B27F-DF8222E323D3}.Debug|x86.ActiveCfg = Debug|Win32
		{5345B465-72DC-4E53-B27F-DF8222E323D3}.Debug|x86.Build.0 = Debug|Win32
		{5345B465-72DC-4E53-B27F-DF8222E323D3}.Release|x64.ActiveCfg = Release|x64
		{5345B465-72DC-4E53-B27F-DF8222E323D3}.Release|x64.Build.0 = Release|x64
		{5345B465-72DC-4E53-B27F-DF8222E323D3}.Release|x86.ActiveCfg = Release|Win32
		{5345B465-72DC-4E53-B27F-DF8222E323D3}.Release|x86.Build.0 = Release|Win32
		{B03F6988-890D-4EA8-AF11-8430859930DD}.Debug|x64.ActiveCfg = Debug|x64
		{B03F6988-890D-4EA8-AF11-8430859930DD}.Debug|x64.Build.0 = Debug|x64
		{B03F6988-890D-4EA8-AF11-8430859930DD}.Debug|x86.ActiveCfg = Debug|Win32
		{B03F6988-890D-4EA8-AF11-8430859930DD}.Debug|x86.Build.0 = Debug|Win32
		{B03F6988-890D-4EA8-AF11-8430859930DD}.Release|x64.ActiveCfg = Release|x64
		{B03F6988-890D-4EA8-AF11-8430859930DD}.Release|x64.Build.0 = Release|x64
		{B03F6988-890D-4EA8-AF11-8430859930DD}.Release|x86.ActiveCfg = Release|Win32
		{B03F6988-890D-4EA8-AF11-8430859930DD}.Release|x86.Build.0 = Release|Win32
		{0B7B3C1D-C0E8-4976-ABAF-D35BB995F6A0}.Debug|x64.ActiveCfg = Debug|x64
		{0B7B3C1D-C0E8-4976-ABAF-D35BB995F6A0}.Debug|x64.Build.0 = Debug|x64
		{0B7B3C1D-C0E8-4976-ABAF-D35BB995F6A0}.Debug|x86.ActiveCfg = Debug|Win32
		{0B7B3C1D-C0E8-4976-ABAF-D35BB995F6A0}.Debug|x86.Build.0 = Debug|Win32
		{0B7B3C1D-C0E8-4976-ABAF-D35BB995F6A0}.Release|x64.ActiveCfg = Release|x64
		{0B7B3C1D-C0E8-4976-ABAF-D35BB995F6A0}.Release|x64.Build.0 = Release|x64
		{0B7B3C1D-C0E8-4976-ABAF-D35BB995F6A0}.Release|x86.ActiveCfg = Release|Win32
		{0B7B3C1D-C0E8-4976-ABAF-D35BB995F6A0}.Release|x86.Build.0 = Release|Win32
		{A34E34C8-3CDD-4229-8958-CE8640BDF29F}.Debug|x64.ActiveCfg = Debug|x64
		{A34E34C8-3CDD-4229-8958-CE8640BDF29F}.Debug|x64.Build.0 = Debug|x64
		{A34E34C8-3CDD-4229-8958-CE8640BDF29F}.Debug|x86.ActiveCfg = Debug|Win32
		{A34E34C8-3CDD-4229-8958-CE8640BDF29F}.Debug|x86.Build.0 = Debug|Win32
		{A34E34C8-3CDD-4229-8958-CE8640BDF29F}.Release|x64.ActiveCfg = Release|x64
		{A34E34C8-3CDD-4229-8958-CE8640BDF29F}.Release|x64.Build.0 = Release|x64
		{A34E34C8-3CDD-4229-8958-CE8640BDF29F}.Release|x86.ActiveCfg = Release|Win32
		{A34E34C8-3CDD-4229-8958-CE8640BDF29F}.Release|x86.Build.0 = Release|Win32
		{186E058F-943C-4F38-A308-F2FBEA87F44C}.Debug|x64.ActiveCfg = Debug|x64
		{186E058F-943C-4F38-A308-F2FBEA87F44C}.Debug|x64.Build.0 = Debug|x64
		{186E058F-943C-4F38-A308-F2FBEA87F44C}.Debug|x86.ActiveCfg = Debug|Win32
		{186E058F-943C-4F38-A308-F2FBEA87F44C}.Debug|x86.Build.0 = Debug|Win32
		{186E058F-943C-4F38-A308-F2FBEA87F44C}.Release|x64.ActiveCfg = Release|x64
		{186E058F-943C-4F38-A308-F2FBEA87F44C}.Release|x64.Build.0 = Release|x64
		{186E058F-943C-4F38-A308-F2FBEA87F44C}.Release|x86.ActiveCfg = Release|Win32
		{186E058F-943C-4F38-A308-F2FBEA87F44C}.Release|x86.Build.0 = Release|Win32
		{8745AB9B-9B3A-482B-B073-66EAFB6826F0}.Debug|x64.ActiveCfg = Debug|x64
		{8745AB9B-9B3A-482B-B073-66EAFB6826F0}.Debug|x64.Build.0 = Debug|x64
		{8745AB9B-9B3A-482B-B073-66EAFB6826F0}.Debug|x86.ActiveCfg = Debug|Win32
		{8745AB9B-9B3A-482B-B073-66EAFB6826F0}.Debug|x86.Build.0 = Debug|Win32
		{8745AB9B-9B3A-482B-B073-66EAFB6826F0}.Release|x64.ActiveCfg = Release|x64
		{8745AB9B-9B3A-482B-B073-66EAFB6826F0}.Release|x64.Build.0 = Release|x64
		{8745AB9B-9B3A-482B-B073-66EAFB6826F0}.Release|x86.ActiveCfg = Release|Win32
		{8745AB9B-9B3A-482B-B073-66EAFB6826F0}.Release|x86.Build.0 = Release|Win32
		{DB41536D-7DD1-44A5-BDD2-AFFE366E81D9}.Debug|x64.ActiveCfg = Debug|x64
		{DB41536D-7DD1-44A5-BDD2-AFFE366E81D9}.Debug|x64.Build.0 = Debug|x64
		{DB41536D-7DD1-44A5-BDD2-AFFE366E81D9}.Debug|x86.ActiveCfg = Debug|Win32
		{DB41536D-7DD1-44A5-BDD2-AFFE366E81D9}.Debug|x86.Build.0 = Debug|Win32
		{DB41536D-7DD1-44A5-BDD2-AFFE366E81D9}.Release|x64.ActiveCfg = Release|x64
		{DB41536D-7DD1-44A5-BDD2-AFFE366E81D9}.Release|x64.Build.0 = Release|x64
		{DB41536D-7DD1-44A5-BDD2-AFFE366E81D9}.Release|x86.ActiveCfg = Release|Win32
		{DB41536D-7DD1-44A5-BDD2-AFFE366E81D9}.Release|x86.Build.0 = Release|Win32
		{3209FECF-AA1E-49E2-BA06-AB58AAD7702E}.Debug|x64.ActiveCfg = Debug|x64
		{3209FECF-AA1E-49E2-BA06-AB58AAD7702E}.Debug|x64.Build.0 = Debug|x64
		{3209FECF-AA1E-49E2-BA06-AB58AAD7702E}.Debug|x86.ActiveCfg = Debug|Win32
		{3209FECF-AA1E-49E2-BA06-AB58AAD7702E}.Debug|x86.Build.0 = Debug|Win32
		{3209FECF-AA1E-49E2-BA06-AB58AAD7702E}.Release|x64.ActiveCfg = Release|x64
		{3209FECF-AA1E-49E2-BA06-AB58AAD7702E}.Release|x64.Build.0 = Release|x64
		{3209FECF-AA1E-49E2-BA06-AB58AAD7702E}.Release|x86.ActiveCfg = Release|Win32
		{3209FECF-AA1E-49E2-BA06-AB58AAD7702E}.Release|x86.Build.0 = Release|Win32
		{19FC6419-2C45-4CDE-BA18-CB7AF9777343}.Debug|x64.ActiveCfg = Debug|x64
		{19FC6419-2C45-4CDE-BA18-CB7AF9777343}.Debug|x64.Build.0 = Debug|x64
		{19FC6419-2C45-4CDE-BA18-CB7AF9777343}.Debug|x86.ActiveCfg = Debug|Win32
		{19FC6419-2C45-4CDE-BA18-CB7AF9777343}.Debug|x86.Build.0 = Debug|Win32
		{19FC6419-2C45-4CDE-BA18-CB7AF9777343}.Release|x64.ActiveCfg = Release|x64
		{19FC6419-2C45-4CDE-BA18-CB7AF9777343}.Release|x64.Build.0 = Release|x64
		{19FC6419-2C45-4CDE-BA18-CB7AF9777343}.Release|x86.ActiveCfg = Release|Win32
		{19FC6419-2C45-4CDE-BA18-CB7AF9777343}.Release|x86.Build.0 = Release|Win32
		{09D92CAE-A242-4263-B0AD-40C42411B248}.Debug|x64.ActiveCfg = Debug|x64
		{09D92CAE-A242-4263-B0AD-40C42411B248}.Debug|x64.Build.0 = Debug|x64
		{09D92CAE-A242-4263-B0AD-40C42411B248}.Debug|x86.ActiveCfg = Debug|Win32
		{09D92CAE-A242-4263-B0AD-40C42411B248}.Debug|x86.Build.0 = Debug|Win32
		{09D92CAE-A242-4263-B0AD-40C42411B248}.Release|x64.ActiveCfg = Release|x64
		{09D92CAE-A242-4263-B0AD-40C42411B248}.Release|x64.Build.0 = Release|x64
		{09D92CAE-A242-4263-B0AD-40C42411B248}.Release|x86.ActiveCfg = Release|Win32
		{09D92CAE-A242-4263-B0AD-40C42411B248}.Release|x86.Build.0 = Release|Win32
		{2BE54E75-6AC1-455F-AEB3-4BAE6ED475D0}.Debug|x64.ActiveCfg = Debug|x64
		{2BE54E75-6AC1-455F-AEB3-4BAE6ED475D0}.Debug|x64.Build.0 = Debug|x64
		{2BE54E75-6AC1-455F-AEB3-4BAE6ED475D0}.Debug|x86.ActiveCfg = Debug|Win32
		{2BE54E75-6AC1-455F-AEB3-4BAE6ED475D0}.Debug|x86.Build.0 = Debug|Win32
		{2BE54E75-6AC1-455F-AEB3-4BAE6ED475D0}.Release|x64.ActiveCfg = Release|x64
		{2BE54E75-6AC1-455F-AEB3-4BAE6ED475D0}.Release|x64.Build.0 = Release|x64
		{2BE54E75-6AC1-455F-AEB3-4BAE6ED475D0}.Release|x86.ActiveCfg = Release|Win32
		{2BE54E75-6AC1-455F-AEB3-4BAE6ED475D0}.Release|x86.Build.0 = Release|Win32
		{ADC92991-6BF6-408D-BF2A-998E3373848F}.Debug|x64.ActiveCfg = Debug|x64
		{ADC92991-6BF6-408D-BF2A-998E3373848F}.Debug|x64.Build.0 = Debug|x64
		{ADC92991-6BF6-408D-BF2A-998E3373848F}.Debug|x86.ActiveCfg = Debug|Win32
		{ADC92991-6BF6-408D-BF2A-998E3373848F}.Debug|x86.Build.0 = Debug|Win32
		{ADC92991-6BF6-408D-BF2A-998E3373848F}.Release|x64.ActiveCfg = Release|x64
		{ADC92991-6BF6-408D-BF2A-998E3373848F}.Release|x64.Build.0 = Release|x64
		{ADC92991-6BF6-408D-BF2A-998E3373848F}.Release|x86.ActiveCfg = Release|Win32
		{ADC92991-6BF6-408D-BF2A-998E3373848F}.Release|x86.Build.0 = Release|Win32
		{5FF07DB9-E809-4350-8232-F3DD83201251}.Debug|x64.ActiveCfg = Debug|x64
		{5FF07DB9-E809-4350-8232-F3DD83201251}.Debug|x64.Build.0 = Debug|x64
		{5FF07DB9-E809-4350-8232-F3DD83201251}.Debug|x86.ActiveCfg = Debug|Win32
		{5FF07DB9-E809-4350-8232-F3DD83201251}.Debug|x86.Build.0 = Debug|Win32
		{5FF07DB9-E809-4350-8232-F3DD83201251}.Release|x64.ActiveCfg = Release|x64
		{5FF07DB9-E809-4350-8232-F3DD83201251}.Release|x64.Build.0 = Release|x64
		{5FF07DB9-E809-4350-8232-F3DD83201251}.Release|x86.ActiveCfg = Release|Win32
		{5FF07DB9-E809-4350-8232-F3DD83201251}.Release|x86.Build.0 = Release|Win32
		{74F4E369-F25E-4F86-AD95-406F37583E1E}.Debug|x64.ActiveCfg = Debug|x64
		{74F4E369-F25E-4F86-AD95-406F37583E1E}.Debug|x64.Build.0 = Debug|x64
		{74F4E369-F25E-4F86-AD95-406F37583E1E}.Debug|x86.ActiveCfg = Debug|Win32
		{74F4E369-F25E-4F86-AD95-406F37583E1E}.Debug|x86.Build.0 = Debug|Win32
		{74F4E369-F25E-4F86-AD95-406F37583E1E}.Release|x64.ActiveCfg = Release|x64
		{74F4E369-F25E-4F86-AD95-406F37583E1E}.Release|x64.Build.0 = Release|x64
		{74F4E369-F25E-4F86-AD95-406F37583E1E}.Release|x86.ActiveCfg = Release|Win32
		{74F4E369-F25E-4F86-AD95-406F37583E1E}.Release|x86.Build.0 = Release|Win32
		{C85020D2-D6FC-44A8-BCE4-5015BCD72A9F}.Debug|x64.ActiveCfg = Debug|x64
		{C85020D2-D6FC-44A8-BCE4-5015BCD72A9F}.Debug|x64.Build.0 = Debug|x64
		{C85020D2-D6FC-44A8-BCE4-5015BCD72A9F}.Debug|x86.ActiveCfg = Debug|Win32
		{C85020D2-D6FC-44A8-BCE4-5015BCD72A9F}.Debug|x86.Build.0 = Debug|Win32
		{C85020D2-D6FC-44A8-BCE4-5015BCD72A9F}.Release|x64.ActiveCfg = Release|x64
		{C85020D2-D6FC-44A8-BCE4-5015BCD72A9F}.Release|x64.Build.0 = Release|x64
		{C85020D2-D6FC-44A8-BCE4-5015BCD72A9F}.Release|x86.ActiveCfg = Release|Win32
		{C85020D2-D6FC-44A8-BCE4-5015BCD72A9F}.Release|x86.Build.0 = Release|Win32
		{B1DA5EEA-9EAA-4CD0-93CC-4DA00B994C30}.Debug|x64.ActiveCfg = Debug|x64
		{B1DA5EEA-9EAA-4CD0-93CC-4DA00B994C30}.Debug|x64.Build.0 = Debug|x64
		{B1DA5EEA-9EAA-4CD0-93CC-4DA00B994C30}.Debug|x86.ActiveCfg = Debug|Win32
		{B1DA5EEA-9EAA-4CD0-93CC-4DA00B994C30}.Debug|x86.Build.0 = Debug|Win32
		{B1DA5EEA-9EAA-4CD0-93CC-4DA00B994C30}.Release|x64.ActiveCfg = Release|x64
		{B1DA5EEA-9EAA-4CD0-93CC-4DA00B994C30}.Release|x64.Build.0 = Release|x64
		{B1DA5EEA-9EAA-4CD0-93CC-4DA00B994C30}.Release|x86.ActiveCfg = Release|Win32
		{B1DA5EEA-9EAA-4CD0-93CC-4DA00B994C30}.Release|x86.Build.0 = Release|Win32
		{DDFABF58-6AF2-4AC0-ACCE-0FD92BFF1336}.Debug|x64.ActiveCfg = Debug|x64
		{DDFABF58-6AF2-4AC0-ACCE-0FD92BFF1336}.Debug|x64.Build.0 = Debug|x64
		{DDFABF58-6AF2-4AC0-ACCE-0FD92BFF1336}.Debug|x86.ActiveCfg = Debug|Win32
		{DDFABF58-6AF2-4AC0-ACCE-0FD92BFF1336}.Debug|x86.Build.0 = Debug|Win32
		{DDFABF58-6AF2-4AC0-ACCE-0FD92BFF1336}.Release|x64.ActiveCfg = Release|x64
		{DDFABF58-6AF2-4AC0-ACCE-0FD92BFF1336}.Release|x64.Build.0 = Release|x64
		{DDFABF58-6AF2-4AC0-ACCE-0FD92BFF1336}.Release|x86.ActiveCfg = Release|Win32
		{DDFABF58-6AF2-4AC0-ACCE-0FD92BFF1336}.Release|x86.Build.0 = Release|Win32
		{FB72A6D6-E782-4D87-9C9D-3AB4E0FEF725}.Debug|x64.ActiveCfg = Debug|x64
		{FB72A6D6-E782-4D87-9C9D-3AB4E0FEF725}.Debug|x64.Build.0 = Debug|x64
		{FB72A6D6-E782-4D87-9C9D-3AB4E0FEF725}.Debug|x86.ActiveCfg = Debug|Win32
		{FB72A6D6-E782-4D87-9C9D-3AB4E0FEF725}.Debug|x86.Build.0 = Debug|Win32
		{FB72A6D6-E782-4D87-9C9D-3AB4E0FEF725}.Release|x64.ActiveCfg = Release|x64
		{FB72A6D6-E782-4D87-9C9D-3AB4E0FEF725}.Release|x64.Build.0 = Release|x64
		{FB72A6D6-E782-4D87-9C9D-3AB4E0FEF725}.Release|x86.ActiveCfg = Release|Win32
		{FB72A6D6-E782-4D87-9C9D-3AB4E0FEF725}.Release|x86.Build.0 = Release|Win32
	EndGlobalSection
	GlobalSection(SolutionProperties) = preSolution
		HideSolutionNode = FALSE
	EndGlobalSection
	GlobalSection(ExtensibilityGlobals) = postSolution
		SolutionGuid = {EC2154E7-9E25-4705-85E3-E3DDBFE02EF3}
	EndGlobalSection
EndGlobal
