
Microsoft Visual Studio Solution File, Format Version 12.00
# Visual Studio Version 16
VisualStudioVersion = 16.0.31129.286
MinimumVisualStudioVersion = 10.0.40219.1
Project("{8BC9CEB8-8B4A-11D0-8D11-00A0C91BC942}") = "HW3_1", "HW3_1\HW3_1.vcxproj", "{B12C41AB-951E-4656-BE05-DCD74EB580EF}"
EndProject
Project("{8BC9CEB8-8B4A-11D0-8D11-00A0C91BC942}") = "ArrayListType", "ArrayListType\ArrayListType.vcxproj", "{FBEB1CD0-050E-421B-BFC4-B8FEEA4E7ED5}"
EndProject
Project("{8BC9CEB8-8B4A-11D0-8D11-00A0C91BC942}") = "HW3_2", "HW3_2\HW3_2.vcxproj", "{DCB78F0A-5B20-4211-A78D-D6DE2B9E1710}"
EndProject
Project("{8BC9CEB8-8B4A-11D0-8D11-00A0C91BC942}") = "원형연결리스트", "원형연결리스트\원형연결리스트.vcxproj", "{DDFCF62C-C91E-4DB4-BB2B-350D1401E9DA}"
EndProject
Project("{8BC9CEB8-8B4A-11D0-8D11-00A0C91BC942}") = "이중연결리스트", "이중연결리스트\이중연결리스트.vcxproj", "{6243DD21-0584-4F3B-AB38-4F7D9FAE585A}"
EndProject
Global
	GlobalSection(SolutionConfigurationPlatforms) = preSolution
		Debug|x64 = Debug|x64
		Debug|x86 = Debug|x86
		Release|x64 = Release|x64
		Release|x86 = Release|x86
	EndGlobalSection
	GlobalSection(ProjectConfigurationPlatforms) = postSolution
		{B12C41AB-951E-4656-BE05-DCD74EB580EF}.Debug|x64.ActiveCfg = Debug|x64
		{B12C41AB-951E-4656-BE05-DCD74EB580EF}.Debug|x64.Build.0 = Debug|x64
		{B12C41AB-951E-4656-BE05-DCD74EB580EF}.Debug|x86.ActiveCfg = Debug|Win32
		{B12C41AB-951E-4656-BE05-DCD74EB580EF}.Debug|x86.Build.0 = Debug|Win32
		{B12C41AB-951E-4656-BE05-DCD74EB580EF}.Release|x64.ActiveCfg = Release|x64
		{B12C41AB-951E-4656-BE05-DCD74EB580EF}.Release|x64.Build.0 = Release|x64
		{B12C41AB-951E-4656-BE05-DCD74EB580EF}.Release|x86.ActiveCfg = Release|Win32
		{B12C41AB-951E-4656-BE05-DCD74EB580EF}.Release|x86.Build.0 = Release|Win32
		{FBEB1CD0-050E-421B-BFC4-B8FEEA4E7ED5}.Debug|x64.ActiveCfg = Debug|x64
		{FBEB1CD0-050E-421B-BFC4-B8FEEA4E7ED5}.Debug|x64.Build.0 = Debug|x64
		{FBEB1CD0-050E-421B-BFC4-B8FEEA4E7ED5}.Debug|x86.ActiveCfg = Debug|Win32
		{FBEB1CD0-050E-421B-BFC4-B8FEEA4E7ED5}.Debug|x86.Build.0 = Debug|Win32
		{FBEB1CD0-050E-421B-BFC4-B8FEEA4E7ED5}.Release|x64.ActiveCfg = Release|x64
		{FBEB1CD0-050E-421B-BFC4-B8FEEA4E7ED5}.Release|x64.Build.0 = Release|x64
		{FBEB1CD0-050E-421B-BFC4-B8FEEA4E7ED5}.Release|x86.ActiveCfg = Release|Win32
		{FBEB1CD0-050E-421B-BFC4-B8FEEA4E7ED5}.Release|x86.Build.0 = Release|Win32
		{DCB78F0A-5B20-4211-A78D-D6DE2B9E1710}.Debug|x64.ActiveCfg = Debug|x64
		{DCB78F0A-5B20-4211-A78D-D6DE2B9E1710}.Debug|x64.Build.0 = Debug|x64
		{DCB78F0A-5B20-4211-A78D-D6DE2B9E1710}.Debug|x86.ActiveCfg = Debug|Win32
		{DCB78F0A-5B20-4211-A78D-D6DE2B9E1710}.Debug|x86.Build.0 = Debug|Win32
		{DCB78F0A-5B20-4211-A78D-D6DE2B9E1710}.Release|x64.ActiveCfg = Release|x64
		{DCB78F0A-5B20-4211-A78D-D6DE2B9E1710}.Release|x64.Build.0 = Release|x64
		{DCB78F0A-5B20-4211-A78D-D6DE2B9E1710}.Release|x86.ActiveCfg = Release|Win32
		{DCB78F0A-5B20-4211-A78D-D6DE2B9E1710}.Release|x86.Build.0 = Release|Win32
		{DDFCF62C-C91E-4DB4-BB2B-350D1401E9DA}.Debug|x64.ActiveCfg = Debug|x64
		{DDFCF62C-C91E-4DB4-BB2B-350D1401E9DA}.Debug|x64.Build.0 = Debug|x64
		{DDFCF62C-C91E-4DB4-BB2B-350D1401E9DA}.Debug|x86.ActiveCfg = Debug|Win32
		{DDFCF62C-C91E-4DB4-BB2B-350D1401E9DA}.Debug|x86.Build.0 = Debug|Win32
		{DDFCF62C-C91E-4DB4-BB2B-350D1401E9DA}.Release|x64.ActiveCfg = Release|x64
		{DDFCF62C-C91E-4DB4-BB2B-350D1401E9DA}.Release|x64.Build.0 = Release|x64
		{DDFCF62C-C91E-4DB4-BB2B-350D1401E9DA}.Release|x86.ActiveCfg = Release|Win32
		{DDFCF62C-C91E-4DB4-BB2B-350D1401E9DA}.Release|x86.Build.0 = Release|Win32
		{6243DD21-0584-4F3B-AB38-4F7D9FAE585A}.Debug|x64.ActiveCfg = Debug|x64
		{6243DD21-0584-4F3B-AB38-4F7D9FAE585A}.Debug|x64.Build.0 = Debug|x64
		{6243DD21-0584-4F3B-AB38-4F7D9FAE585A}.Debug|x86.ActiveCfg = Debug|Win32
		{6243DD21-0584-4F3B-AB38-4F7D9FAE585A}.Debug|x86.Build.0 = Debug|Win32
		{6243DD21-0584-4F3B-AB38-4F7D9FAE585A}.Release|x64.ActiveCfg = Release|x64
		{6243DD21-0584-4F3B-AB38-4F7D9FAE585A}.Release|x64.Build.0 = Release|x64
		{6243DD21-0584-4F3B-AB38-4F7D9FAE585A}.Release|x86.ActiveCfg = Release|Win32
		{6243DD21-0584-4F3B-AB38-4F7D9FAE585A}.Release|x86.Build.0 = Release|Win32
	EndGlobalSection
	GlobalSection(SolutionProperties) = preSolution
		HideSolutionNode = FALSE
	EndGlobalSection
	GlobalSection(ExtensibilityGlobals) = postSolution
		SolutionGuid = {B77FD076-8246-47A1-A43E-C21CAE2BC31E}
	EndGlobalSection
EndGlobal
